
Microsoft Visual Studio Solution File, Format Version 12.00
# Visual Studio Version 17
VisualStudioVersion = 17.11.35327.3
MinimumVisualStudioVersion = 10.0.40219.1
Project("{FAE04EC0-301F-11D3-BF4B-00C04F79EFBC}") = "Lab Assignment_1", "Lab Assignment_1\Lab Assignment_1.csproj", "{20332DCB-9138-442B-8A3A-C2A577559261}"
EndProject
Global
	GlobalSection(SolutionConfigurationPlatforms) = preSolution
		Debug|Any CPU = Debug|Any CPU
		Release|Any CPU = Release|Any CPU
	EndGlobalSection
	GlobalSection(ProjectConfigurationPlatforms) = postSolution
		{20332DCB-9138-442B-8A3A-C2A577559261}.Debug|Any CPU.ActiveCfg = Debug|Any CPU
		{20332DCB-9138-442B-8A3A-C2A577559261}.Debug|Any CPU.Build.0 = Debug|Any CPU
		{20332DCB-9138-442B-8A3A-C2A577559261}.Release|Any CPU.ActiveCfg = Release|Any CPU
		{20332DCB-9138-442B-8A3A-C2A577559261}.Release|Any CPU.Build.0 = Release|Any CPU
	EndGlobalSection
	GlobalSection(SolutionProperties) = preSolution
		HideSolutionNode = FALSE
	EndGlobalSection
	GlobalSection(ExtensibilityGlobals) = postSolution
		SolutionGuid = {9DF60DAC-E334-40AB-AF6A-35B3C9360AAB}
	EndGlobalSection
EndGlobal
